
Microsoft Visual Studio Solution File, Format Version 12.00
# Visual Studio Version 17
VisualStudioVersion = 17.7.34009.444
MinimumVisualStudioVersion = 10.0.40219.1
Project("{FAE04EC0-301F-11D3-BF4B-00C04F79EFBC}") = "3 Paskaita Uzduotys (IF)", "3 Paskaita Uzduotys (IF)\3 Paskaita Uzduotys (IF).csproj", "{A3212B17-DD6A-4D42-B32C-7A08D901BF47}"
EndProject
Global
	GlobalSection(SolutionConfigurationPlatforms) = preSolution
		Debug|Any CPU = Debug|Any CPU
		Release|Any CPU = Release|Any CPU
	EndGlobalSection
	GlobalSection(ProjectConfigurationPlatforms) = postSolution
		{A3212B17-DD6A-4D42-B32C-7A08D901BF47}.Debug|Any CPU.ActiveCfg = Debug|Any CPU
		{A3212B17-DD6A-4D42-B32C-7A08D901BF47}.Debug|Any CPU.Build.0 = Debug|Any CPU
		{A3212B17-DD6A-4D42-B32C-7A08D901BF47}.Release|Any CPU.ActiveCfg = Release|Any CPU
		{A3212B17-DD6A-4D42-B32C-7A08D901BF47}.Release|Any CPU.Build.0 = Release|Any CPU
	EndGlobalSection
	GlobalSection(SolutionProperties) = preSolution
		HideSolutionNode = FALSE
	EndGlobalSection
	GlobalSection(ExtensibilityGlobals) = postSolution
		SolutionGuid = {AD90693A-9549-4B0E-8388-A81E3A6B0C8F}
	EndGlobalSection
EndGlobal
